github.com/agext/levenshtein v1.2.1 h1:QmvMAjj2aEICytGiWzmxoE0x2KZvE0fvmqMOfy2tjT8=
github.com/agext/levenshtein v1.2.1/go.mod h1:JEDfjyjHDjOF/1e4FlBE/PkbqA9OfWu2ki2W0IB5558=
github.com/anchore/go-lzo v0.1.1 h1:IwL/fvkdtlIrYIXck6WxZ3nb8WjjHziYYmGxlooyOnM=
github.com/anchore/go-lzo v0.1.1/go.mod h1:3kLx0bve2oN1iDwgM1U5zGku1Tfbdb0No5qp1eL1fIk=
github.com/apparentlymart/go-textseg/v15 v15.0.0 h1:uYvfpb3DyLSCGWnctWKGj857c6ew1u1fNQOlOtuGxQY=
github.com/apparentlymart/go-textseg/v15 v15.0.0/go.mod h1:K8XmNZdhEBkdlyDdvbmmsvpAG721bKi0joRfFdHIWJ4=
github.com/apparentlymart/go-textseg/v17 v17.0.1 h1:bpMXRgQ5cEoRNuQke1a80/Nl6w3G5eoIbWo9f3gXkAs=
github.com/apparentlymart/go-textseg/v17 v17.0.1/go.mod h1:fa8X4jgGeevslICIY6LcdjkSecWnXmYd9Lk34z/VxZs=
github.com/davecgh/go-spew v1.1.1 h1:vj9j/u1bqnvCEfJOwUhtlOARqs3+rkHYY13jYWTU97c=
github.com/davecgh/go-spew v1.1.1/go.mod h1:J7Y8YcW2NihsgmVo/mv3lAwl/skON4iLHjSsI+c5H38=
github.com/go-bootloaders/systemd-boot v0.0.0-20261006223658-389d98b3fc9e h1:cUG/dhG+oqH0a5KqNn1ORnF2x2hVCzJ4sXQySdBETzE=
github.com/go-bootloaders/systemd-boot v0.0.0-20261006223658-389d98b3fc9e/go.mod h1:FSyNrIZOKUUlYGLpb6tZrLHDETUgLB96Be7dmS+l9H4=
github.com/go-encryptions/ccm v0.0.0-20260927083542-1713f748107c h1:0f8ZiVPXxyHgusuL+1gntuusu5Z9inR35TR5tkrB/IA=
github.com/go-encryptions/ccm v0.0.0-20260927083542-1713f748107c/go.mod h1:mdMMBlXE6sF9mCc1ryuifermVqwjHIOJPW0ZYVbYMMo=
github.com/go-encryptions/xts v0.0.0-20261004234803-c570e92cfa9e h1:oZ3S0qTDPDFJCIrojiDKptVE9arpL1I3OnorqN+MpZQ=
github.com/go-encryptions/xts v0.0.0-20261004234803-c570e92cfa9e/go.mod h1:Ih1Wja84KCfK9hCIWucnjjE3h3kvJ/O3+WDPSiIwCKQ=
github.com/go-encryptions/zfscrypt v0.0.0-20260927173133-ff7dd33bb415 h1:3YjE759baK+ZvLMC0121vmjzVNttWw2uvMa83y/QqLk=
github.com/go-encryptions/zfscrypt v0.0.0-20260927173133-ff7dd33bb415/go.mod h1:rQEW3VMOGSV0fbGRarHNC8z+MYNa50PRIkcBP4HZBIU=
github.com/go-fde/luks v0.0.0-20261006193307-e67e40264164 h1:Wo3/aFWMosLSyTCELNMt+MLy3OHSdMkaTYYW+cBhJ0Q=
github.com/go-fde/luks v0.0.0-20261006193307-e67e40264164/go.mod h1:0DUYmD+j20/OPdBRuijAQYUjqY9SF7f87eARCcgpfRQ=
github.com/go-filesystems/btrfs v0.3.0 h1:nmv8L7RgqTyn9wwLFTECkA3zYePptySl4f5fu5NmWHU=
github.com/go-filesystems/btrfs v0.3.0/go.mod h1:785mjTMXC5hPVXaTID8eKU7rshNTfSaf3fw8RAAWt2U=
github.com/go-filesystems/detect v0.3.0 h1:2jAOWY5zxubdxGuTnD6jJTW5MW/ZxrSx2irQaGt25Yo=
github.com/go-filesystems/detect v0.3.0/go.mod h1:8477elE6njf50UPFu5UY/OcpBRtdO89Zzfee6omT3qA=
github.com/go-filesystems/detect/fat32reg v0.0.0-20261004232331-99f3345744ff h1:jiTV24Soi1yP94JPMccuHG7y669mb9dWiQDbr5BNY9Y=
github.com/go-filesystems/detect/fat32reg v0.0.0-20261004232331-99f3345744ff/go.mod h1:fmC62FyR/ZQZg+DqM7zNhewB24sma0BgEJIQFkmjZHM=
github.com/go-filesystems/ext4 v0.3.0 h1:VOb/mm9zAwtE/u2goyHmreOSx4LVEsyNideYFOknf1w=
github.com/go-filesystems/ext4 v0.3.0/go.mod h1:1yHSrEW9jDX//E0P/oqz8PLKW1qPnff0puuPUY2omDM=
github.com/go-filesystems/fat32 v0.5.0 h1:/BfabQ3IejcIQljlUWwSlqeGIwxRPI2o1lb+p4yHpOg=
github.com/go-filesystems/fat32 v0.5.0/go.mod h1:87Sm1Nx+BUVPfjyFwwQ4dr11r5+kbeG9Umc7XlKDJiE=
github.com/go-filesystems/interface v0.5.0 h1:AsbSXYG5cp497Ki0Ez88s8wwrVEmeRmFLd40T4d3UwA=
github.com/go-filesystems/interface v0.5.0/go.mod h1:u9v8mvapNV8djzObwCECdyd2g6JBU6HNTR4EAqxOn6U=
github.com/go-filesystems/uefi v0.3.0 h1:R6Njr/2D5LbSqSpQplTs2mErRQsx8YQhaUHkB+5H/80=
github.com/go-filesystems/uefi v0.3.0/go.mod h1:amDXEO4IU17Me1DAcURgXEqL2JcXE1UqE0baZE4cx8k=
github.com/go-filesystems/xfs v0.3.0 h1:DvtVxO2aTJ27g1Mt7SqCxANbJOU2PfDl4TrDxG+Ai5s=
github.com/go-filesystems/xfs v0.3.0/go.mod h1:w+BZC6L34qdD+eI3zEytwwG0nUNCayUwTaionVhH6gU=
github.com/go-filesystems/zfs v0.3.0 h1:4gzU6pjdmcqcX3Y/yJttPcxNCU6+gqMK8Z6qHnXOxJE=
github.com/go-filesystems/zfs v0.3.0/go.mod h1:g+Tbg6HPNJg72vzv790w0Ad5yOLuABw1vnxVZZQ9+gE=
github.com/go-test/deep v1.0.3 h1:ZrJSEWsXzPOxaZnFteGEfooLba+ju3FYIbOrS+rQd68=
github.com/go-test/deep v1.0.3/go.mod h1:wGDj63lr65AM2AQyKZd/NYHGb0R+1RLqB8NKt3aSFNA=
github.com/go-tpm2/attest v0.5.0 h1:kTtU2waeuaoWVHVKgn/O2qQ02b7xDWwDovXLQjbs/cY=
github.com/go-tpm2/attest v0.5.0/go.mod h1:nsNqRr+z/xUXidq1uzXCWjLcbnXzSnSscSU0LtUsTYQ=
github.com/go-tpm2/common v0.3.0 h1:Ay8fA+z4hl6Ldw+IUVEMXEcyqFXWevRDsoSoT2HMGQM=
github.com/go-tpm2/common v0.3.0/go.mod h1:KZ+rdlHaBGCV+WGaqxRE+LOwzKPEYzHc5SetpKtWPf8=
github.com/go-tpm2/tpm2 v0.8.0 h1:J0t8yPh2EJKVq365M9Octmv2jXCTGMAZHPSsSofJLbQ=
github.com/go-tpm2/tpm2 v0.8.0/go.mod h1:4eq6n5+v+2hC4t5LAq5UO7DnyRf1anrGLyEe3pr7DeQ=
github.com/go-volumes/gpt v0.3.0 h1:ZA33VVlmlkA47fFY+BkFylsufqq1TBoASIuBmri+xsw=
github.com/go-volumes/gpt v0.3.0/go.mod h1:Dha6JL5/mGyDai8tWvZOPYn6pqe75NOtMRYGm3N4Qv8=
github.com/go-volumes/safeio v0.0.0-20261005011856-0ebc4afd6b14 h1:U1tu30vHRb7Mp4u9f2lYAmeNE1+1kJVdBv2mOndXvuI=
github.com/go-volumes/safeio v0.0.0-20261005011856-0ebc4afd6b14/go.mod h1:Xitv1BsPmFxrxxlkHNBZ4PIA+5lbf3F6N/+7ecsHFnY=
github.com/google/go-cmp v0.6.0 h1:ofyhxvXcZhMsU5ulbFiLKl/XBFqE1GSq7atu8tAmTRI=
github.com/google/go-cmp v0.6.0/go.mod h1:17dUlkBOakJ0+DkrSSNjCkIjxS6bF9zb3elmeNGIjoY=
github.com/hashicorp/hcl/v2 v2.25.0 h1:HmmQVYRny4MaBo4b20TjmL46wyuUxpnMWkPZ4+NTbWk=
github.com/hashicorp/hcl/v2 v2.25.0/go.mod h1:vR+FKETxoZAmRlHgFfKmuqivj+C4Izm/c66XkmZ3r7M=
github.com/hugelgupf/socketpair v0.0.0-20190730060125-05d35a94e714 h1:/jC7qQFrv8CrSJVmaolDVOxTfS9kc36uB6H40kdbQq8=
github.com/hugelgupf/socketpair v0.0.0-20190730060125-05d35a94e714/go.mod h1:2Goc3h8EklBH5mspfHFxBnEoURQCGzQQH1ga9Myjvis=
github.com/insomniacslk/dhcp v0.0.0-20260901064844-234b97448fae h1:nXGg65fXsylSUTNNWwvHuQsXev7mhIzQTnZREPTbWzs=
github.com/insomniacslk/dhcp v0.0.0-20260901064844-234b97448fae/go.mod h1:tGfUTcnFYGYvVNCaZZhwlJySU/fQQxh9TmpsFzWXnnY=
github.com/josharian/native v1.0.1-0.20221213033349-c1e37c09b531/go.mod h1:7X/raswPFr05uY3HiLlYeyQntB6OO7E/d2Cu7qoaN2w=
github.com/josharian/native v1.1.0 h1:uuaP0hAbW7Y4l0ZRQ6C9zfb7Mg1mbFKry/xzDAfmtLA=
github.com/josharian/native v1.1.0/go.mod h1:7X/raswPFr05uY3HiLlYeyQntB6OO7E/d2Cu7qoaN2w=
github.com/klauspost/compress v1.20.1 h1:T7kKElXUMXrUJ2E9QhQhxFtcK5rPyLdsGZvdbLMPdiQ=
github.com/klauspost/compress v1.20.1/go.mod h1:LUdAzn7YLVvxLpc7y3V1m40wESHTgc1422pwwBSKYuI=
github.com/mdlayher/packet v1.1.2 h1:3Up1NG6LZrsgDVn6X4L9Ge/iyRyxFEFD9o6Pr3Q1nQY=
github.com/mdlayher/packet v1.1.2/go.mod h1:GEu1+n9sG5VtiRE4SydOmX5GTwyyYlteZiFU+x0kew4=
github.com/mdlayher/socket v0.4.1 h1:eM9y2/jlbs1M615oshPQOHZzj6R6wMT7bX5NPiQvn2U=
github.com/mdlayher/socket v0.4.1/go.mod h1:cAqeGjoufqdxWkD7DkpyS+wcefOtmu5OQ8KuoJGIReA=
github.com/mitchellh/go-wordwrap v1.0.1 h1:TLuKupo69TCn6TQSyGxwI1EblZZEsQ0vMlAFQflz0v0=
github.com/mitchellh/go-wordwrap v1.0.1/go.mod h1:R62XHJLzvMFRBbcrT7m7WgmE1eOyTSsCt+hzestvNj0=
github.com/opencontainers/go-digest v1.0.0 h1:apOUWs51W5PlhuyGyz9FCeeBIOUDA/6nW8Oi/yOhh5U=
github.com/opencontainers/go-digest v1.0.0/go.mod h1:0JzlMkj0TRzQZfJkVvzbP0HBR3IKzErnv2BNG4W4MAM=
github.com/opencontainers/image-spec v1.1.1 h1:y0fUlFfIZhPF1W537XOLg0/fcx6zcHCJwooC2xJA040=
github.com/opencontainers/image-spec v1.1.1/go.mod h1:qpqAh3Dmcf36wStyyWU+kCeDgrGnAve2nCC8+7h8Q0M=
github.com/pierrec/lz4/v4 v4.1.14 h1:+fL8AQEZtz/ijeNnpduH0bROTu0O3NZAlPjQxGn8LwE=
github.com/pierrec/lz4/v4 v4.1.14/go.mod h1:gZWDp/Ze/IJXGXf23ltt2EXimqmTUXEy0GFuRQyBid4=
github.com/pmezard/go-difflib v1.0.0 h1:4DBwDE0NGyQoBHbLQYPwSUPoCMWR5BEzIk/f1lZbAQM=
github.com/pmezard/go-difflib v1.0.0/go.mod h1:iKH77koFhYxTK1pcRnkKkqfTogsbg7gZNVY4sRDYZ/4=
github.com/stretchr/testify v1.6.1 h1:hDPOHmpOpP40lSULcqw7IrRb/u7w6RpDC9399XyoNd0=
github.com/stretchr/testify v1.6.1/go.mod h1:6Fq8oRcR53rry900zMqJjRRixrwX3KX962/h/Wwjteg=
github.com/u-root/uio v0.0.0-20230220225925-ffce2a382923 h1:tHNk7XK9GkmKUR6Gh8gVBKXc2MVSZ4G/NnWLtzw4gNA=
github.com/u-root/uio v0.0.0-20230220225925-ffce2a382923/go.mod h1:eLL9Nub3yfAho7qB0MzZizFhTU2QkLeoVsWdHtDW264=
github.com/vishvananda/netlink v1.3.1 h1:3AEMt62VKqz90r0tmNhog0r/PpWKmrEShJU0wJW6bV0=
github.com/vishvananda/netlink v1.3.1/go.mod h1:ARtKouGSTGchR8aMwmkzC0qiNPrrWO5JS/XMVl45+b4=
github.com/vishvananda/netns v0.0.5 h1:DfiHV+j8bA32MFM7bfEunvT8IAqQ/NzSJHtcmW5zdEY=
github.com/vishvananda/netns v0.0.5/go.mod h1:SpkAiCQRtJ6TvvxPnOSyH3BMl6unz3xZlaprSwhNNJM=
github.com/zclconf/go-cty v1.19.0 h1:IV8WdqYZc2c5rLX9bEoLNXKojBAp0MZPBHMIrCoa/s4=
github.com/zclconf/go-cty v1.19.0/go.mod h1:12W89jGn3JCOIQi7infWr9m80rOkb5RNYJqXMZcN4c8=
github.com/zclconf/go-cty-debug v0.0.0-20240509010212-0d6042c53940 h1:4r45xpDWB6ZMSMNJFMOjqrGHynW3DIBuR2H9j0ug+Mo=
github.com/zclconf/go-cty-debug v0.0.0-20240509010212-0d6042c53940/go.mod h1:CmBdvvj3nqzfzJ6nTCIwDTPZ56aVGvDrmztiO5g3qrM=
golang.org/x/crypto v0.58.0 h1:COkYLr4k7nDI4r6QtMML2AfzeIswWHAJthLS6K/M/54=
golang.org/x/crypto v0.58.0/go.mod h1:Xh+kl5A+M0gMiWDytH2Hhr5Z7WbNCpv/eB/EFgfSk+w=
golang.org/x/mod v0.41.0 h1:qJmnOUb4YB+FsEuM3HcWucdZASCPGhsX6uljO6pog0c=
golang.org/x/mod v0.41.0/go.mod h1:Ek9pY8RKWXwsWvd3rQiHYtMqkjSUV+s1Rj7j4H5Ur6o=
golang.org/x/net v0.61.0 h1:RR+6j/BTBCrggOLugxa+66R8FvoN6MHlzDlZIbN9YFw=
golang.org/x/net v0.61.0/go.mod h1:WgDCOTH8iwtB66T4/GfI94AHo/hhdb7Hah9NDseQfiI=
golang.org/x/sync v0.24.0 h1:iqiDrGoDgyuvAKrhLQthUEzU/R378N78gXbBjxed7oA=
golang.org/x/sync v0.24.0/go.mod h1:sUUOizhqBxiL6pEWpqNLUiaJn1ShEbZ6BBqskPbjZm0=
golang.org/x/sys v0.0.0-20220622161953-175b2fd9d664/go.mod h1:oPkhp1MJrh7nUepCBck5+mAzfO9JrbApNNgaTdGDITg=
golang.org/x/sys v0.2.0/go.mod h1:oPkhp1MJrh7nUepCBck5+mAzfO9JrbApNNgaTdGDITg=
golang.org/x/sys v0.10.0/go.mod h1:oPkhp1MJrh7nUepCBck5+mAzfO9JrbApNNgaTdGDITg=
golang.org/x/sys v0.49.0 h1:XbzkgYJHdqh/8m2Uu0W/dQv8nktxx4BFHp1M0gROTXA=
golang.org/x/sys v0.49.0/go.mod h1:hNLxWAXmnKAxqDtdwIYC4bM9oQPEecfsnNMuSxOs3og=
golang.org/x/text v0.43.0 h1:1QivrlhwAsnMOcqgOdl9my7s9OyZl8O5/UGUTJVXoWc=
golang.org/x/text v0.43.0/go.mod h1:hbSIYA/amXcRXTFSZqh8tWHEoqRvvbKPJ2uz/KU+a+s=
golang.org/x/tools v0.51.0 h1:k4Xc/1Om9jwkBJBo4NVLMSARBoWtK10mx+W5BnXCeAI=
golang.org/x/tools v0.51.0/go.mod h1:9eEncMayCV6zRMGhR5eZEC2iBx98qWcF1HZ9Z7wJOoA=
gopkg.in/yaml.v3 v3.0.1 h1:fxVm/GzAzEWqLHuvctI91KS9hhNmmWOoWu0XTYJS7CA=
gopkg.in/yaml.v3 v3.0.1/go.mod h1:K4uyk7z7BCEPqu6E+C64Yfv1cQ7kz7rIZviUmN+EgEM=
