github.com/agext/levenshtein v1.2.1 h1:QmvMAjj2aEICytGiWzmxoE0x2KZvE0fvmqMOfy2tjT8=
github.com/agext/levenshtein v1.2.1/go.mod h1:JEDfjyjHDjOF/1e4FlBE/PkbqA9OfWu2ki2W0IB5558=
github.com/anchore/go-lzo v0.1.0 h1:NgAacnzqPeGH49Ky19QKLBZEuFRqtTG9cdaucc3Vncs=
github.com/anchore/go-lzo v0.1.0/go.mod h1:3kLx0bve2oN1iDwgM1U5zGku1Tfbdb0No5qp1eL1fIk=
github.com/apparentlymart/go-textseg/v15 v15.0.0 h1:uYvfpb3DyLSCGWnctWKGj857c6ew1u1fNQOlOtuGxQY=
github.com/apparentlymart/go-textseg/v15 v15.0.0/go.mod h1:K8XmNZdhEBkdlyDdvbmmsvpAG721bKi0joRfFdHIWJ4=
github.com/apparentlymart/go-textseg/v17 v17.0.1 h1:bpMXRgQ5cEoRNuQke1a80/Nl6w3G5eoIbWo9f3gXkAs=
github.com/apparentlymart/go-textseg/v17 v17.0.1/go.mod h1:fa8X4jgGeevslICIY6LcdjkSecWnXmYd9Lk34z/VxZs=
github.com/davecgh/go-spew v1.1.1 h1:vj9j/u1bqnvCEfJOwUhtlOARqs3+rkHYY13jYWTU97c=
github.com/davecgh/go-spew v1.1.1/go.mod h1:J7Y8YcW2NihsgmVo/mv3lAwl/skON4iLHjSsI+c5H38=
github.com/go-bootloaders/systemd-boot v0.0.0-20260901144556-4193afeb7e23 h1:XP+I+eLwxOl0pRURs499ukpwj74wCAEUVtHW/4aYXlk=
github.com/go-bootloaders/systemd-boot v0.0.0-20260901144556-4193afeb7e23/go.mod h1:/vGFDVABPeX+UcOM5cP9Kx6ZglklakzBBx5op2V6GG0=
github.com/go-encryptions/ccm v0.0.0-20260620055113-74db323be0b2 h1:Gky3CPkbtx6TdLJKw/liSsljOz561HDE0gGXoABDObI=
github.com/go-encryptions/ccm v0.0.0-20260620055113-74db323be0b2/go.mod h1:0XHNptBliXAeC9Ikl/maTnmj6+VWeJ5vZElyTprdYWI=
github.com/go-encryptions/xts v0.0.0-20260903192301-101a3e472f94 h1:nH2Msy4l+mq7VLuMDhV8iGlFNX0kMiai4BBNJENQ3UQ=
github.com/go-encryptions/xts v0.0.0-20260903192301-101a3e472f94/go.mod h1:IMkRCLbIbPslkb7X7+lkDG2xkugRjBJG5iax1jQc2gc=
github.com/go-encryptions/zfscrypt v0.0.0-20260623125925-033c4ad509ed h1:WaqYbb5Ia613X8QRW8J7rPqTN5M0P57tAoRKf1xpRts=
github.com/go-encryptions/zfscrypt v0.0.0-20260623125925-033c4ad509ed/go.mod h1:PzuGFDE4GvnezFgPEbaBdKFaPFsDdxIF8DpaqgdsvUQ=
github.com/go-fde/luks v0.0.0-20260904102035-a75bdafb522b h1:x3l6v6iJAtsB8CrRCEXpprFuRmv2wULFr6z+VaqKoh8=
github.com/go-fde/luks v0.0.0-20260904102035-a75bdafb522b/go.mod h1:UWLWKOUBDUEQlKjBWl6OZM3jeWlgn90s/oWuGVQatW0=
github.com/go-filesystems/btrfs v0.1.0 h1:RmRRqqMkEWd+EkyWx37gqcFnNkG0TLDwl2k02ulLTiE=
github.com/go-filesystems/btrfs v0.1.0/go.mod h1:0MEOYKSW9Uh4ajeG9vDhVGOheTaNQOK74TJzAyvYCdg=
github.com/go-filesystems/detect v0.1.0 h1:DCiR5lLKFJ/kon8wKs1ueG1hX27wJaIHqym+Ai0Y/pU=
github.com/go-filesystems/detect v0.1.0/go.mod h1:OCGE1O8l2Z41PODXWkuJOin83ooqHWh439jSpOGWb/Q=
github.com/go-filesystems/detect/fat32reg v0.0.0-20260831153547-a065afc1e644 h1:py270IspF5qeSuPQ0EW7trEOKDoMjRgu7u4rzfReCqo=
github.com/go-filesystems/detect/fat32reg v0.0.0-20260831153547-a065afc1e644/go.mod h1:Y3nZdzEiHE4uy7dzo/JZAS51JHPtm04dLSxm4+Uh/4Q=
github.com/go-filesystems/ext4 v0.2.0 h1:eQGvpY9xyl9VyxojtHrM6NPGQH+RC0m7axgqv1Bj2uc=
github.com/go-filesystems/ext4 v0.2.0/go.mod h1:apCj4bVXNWFPRvna7d+sBBnMJCYftk7C4OgfSRCcykQ=
github.com/go-filesystems/fat32 v0.3.0 h1:lq2nFNXTI6wLOKtSA2SDQgbHNzgN9mMdElrcwsgwQrE=
github.com/go-filesystems/fat32 v0.3.0/go.mod h1:twfQw/efVJW0ccGZoaxW3HXJG0RSM8xKsBUG1PIIWAQ=
github.com/go-filesystems/interface v0.3.0 h1:cV4+2mvW1eCPyde+KIDRaGuIPAcr2sDgKrxGuGQr98k=
github.com/go-filesystems/interface v0.3.0/go.mod h1:9MDfHNNKg9cW1qBa3hmURQj4jiWIdTo9Xpgdt8ZzvV8=
github.com/go-filesystems/uefi v0.1.0 h1:i8rV52ZKtGu7zk2VJHLae39S2vUH4y0Bu97bqE8j+X4=
github.com/go-filesystems/uefi v0.1.0/go.mod h1:T4WSiZsRTn8KuQixDMRZchs/BIYEBuYU7KhMLkp2r/4=
github.com/go-filesystems/xfs v0.1.0 h1:Yu4AvZfCbQS9gJJ48t5+p45jZqcDLd+WpCOa3BkOGes=
github.com/go-filesystems/xfs v0.1.0/go.mod h1:EZxrQpldx5VV6ul2Ia5LbKczQleYPHijbHBpvQh0iBU=
github.com/go-filesystems/zfs v0.1.0 h1:o5ukV23KKdcqq/S1Iv4cgHFbt0REi9onYQLuYOED5Yk=
github.com/go-filesystems/zfs v0.1.0/go.mod h1:Qi2YiNXnAfJuuJvuIzw3/90V/qjlpldcBws1hWcUT6o=
github.com/go-test/deep v1.0.3 h1:ZrJSEWsXzPOxaZnFteGEfooLba+ju3FYIbOrS+rQd68=
github.com/go-test/deep v1.0.3/go.mod h1:wGDj63lr65AM2AQyKZd/NYHGb0R+1RLqB8NKt3aSFNA=
github.com/go-tpm2/attest v0.3.0 h1:0Fv441TL02P65BZyLklu384yhNsmuXhgw5nPd9Z+bYA=
github.com/go-tpm2/attest v0.3.0/go.mod h1:jTzQY5bvejQo+suOVtMg6On1hMGQUK4xgbMAgCboTr0=
github.com/go-tpm2/common v0.1.0 h1:VVxswlksVMyCKE9Ra0k1m8l22YSmCk2je8KGiwtY9bs=
github.com/go-tpm2/common v0.1.0/go.mod h1:YAn0c2kmze7OPO4Myn9FaEk/c+EayBap0dj7rnROcHs=
github.com/go-tpm2/tpm2 v0.6.0 h1:nj2Y0lQ/E4arJE5u61sZf2hBnKLeMO+xiCIBSG341y0=
github.com/go-tpm2/tpm2 v0.6.0/go.mod h1:ovPqrMNpQ2cBxLTb7XOoOaFr40wPYutTQgQvv8ko4Gk=
github.com/go-volumes/gpt v0.0.0-20260831115417-b3069a3ac03a h1:BOFd3NiCNWGkhr9+vxszNCLEFXfW7R7qPCtwsomYgSI=
github.com/go-volumes/gpt v0.0.0-20260831115417-b3069a3ac03a/go.mod h1:eBAzPkLd8zHkg3WiYGk70M4g6PYY8S5K4JP+kEMs0mw=
github.com/go-volumes/safeio v0.0.0-20260831125406-d8f54b2890d4 h1:RKO58FmZvbvKh6wf+7Y8gohGJ0/2hq4N8L+x2kT9bak=
github.com/go-volumes/safeio v0.0.0-20260831125406-d8f54b2890d4/go.mod h1:QQdGwEUmPSdzD+OPq+ZcKso9ljssqgBXNk0/9z7moho=
github.com/google/go-cmp v0.6.0 h1:ofyhxvXcZhMsU5ulbFiLKl/XBFqE1GSq7atu8tAmTRI=
github.com/google/go-cmp v0.6.0/go.mod h1:17dUlkBOakJ0+DkrSSNjCkIjxS6bF9zb3elmeNGIjoY=
github.com/hashicorp/hcl/v2 v2.24.0 h1:2QJdZ454DSsYGoaE6QheQZjtKZSUs9Nh2izTWiwQxvE=
github.com/hashicorp/hcl/v2 v2.24.0/go.mod h1:oGoO1FIQYfn/AgyOhlg9qLC6/nOJPX3qGbkZpYAcqfM=
github.com/hugelgupf/socketpair v0.0.0-20190730060125-05d35a94e714 h1:/jC7qQFrv8CrSJVmaolDVOxTfS9kc36uB6H40kdbQq8=
github.com/hugelgupf/socketpair v0.0.0-20190730060125-05d35a94e714/go.mod h1:2Goc3h8EklBH5mspfHFxBnEoURQCGzQQH1ga9Myjvis=
github.com/insomniacslk/dhcp v0.0.0-20260901064844-234b97448fae h1:nXGg65fXsylSUTNNWwvHuQsXev7mhIzQTnZREPTbWzs=
github.com/insomniacslk/dhcp v0.0.0-20260901064844-234b97448fae/go.mod h1:tGfUTcnFYGYvVNCaZZhwlJySU/fQQxh9TmpsFzWXnnY=
github.com/josharian/native v1.0.1-0.20221213033349-c1e37c09b531/go.mod h1:7X/raswPFr05uY3HiLlYeyQntB6OO7E/d2Cu7qoaN2w=
github.com/josharian/native v1.1.0 h1:uuaP0hAbW7Y4l0ZRQ6C9zfb7Mg1mbFKry/xzDAfmtLA=
github.com/josharian/native v1.1.0/go.mod h1:7X/raswPFr05uY3HiLlYeyQntB6OO7E/d2Cu7qoaN2w=
github.com/klauspost/compress v1.20.0 h1:a3C1ke2ohxFymNlb2HWAHjDeKCI90scRskErZkR0ezA=
github.com/klauspost/compress v1.20.0/go.mod h1:LUdAzn7YLVvxLpc7y3V1m40wESHTgc1422pwwBSKYuI=
github.com/mdlayher/packet v1.1.2 h1:3Up1NG6LZrsgDVn6X4L9Ge/iyRyxFEFD9o6Pr3Q1nQY=
github.com/mdlayher/packet v1.1.2/go.mod h1:GEu1+n9sG5VtiRE4SydOmX5GTwyyYlteZiFU+x0kew4=
github.com/mdlayher/socket v0.4.1 h1:eM9y2/jlbs1M615oshPQOHZzj6R6wMT7bX5NPiQvn2U=
github.com/mdlayher/socket v0.4.1/go.mod h1:cAqeGjoufqdxWkD7DkpyS+wcefOtmu5OQ8KuoJGIReA=
github.com/mitchellh/go-wordwrap v1.0.1 h1:TLuKupo69TCn6TQSyGxwI1EblZZEsQ0vMlAFQflz0v0=
github.com/mitchellh/go-wordwrap v1.0.1/go.mod h1:R62XHJLzvMFRBbcrT7m7WgmE1eOyTSsCt+hzestvNj0=
github.com/opencontainers/go-digest v1.0.0 h1:apOUWs51W5PlhuyGyz9FCeeBIOUDA/6nW8Oi/yOhh5U=
github.com/opencontainers/go-digest v1.0.0/go.mod h1:0JzlMkj0TRzQZfJkVvzbP0HBR3IKzErnv2BNG4W4MAM=
github.com/opencontainers/image-spec v1.1.1 h1:y0fUlFfIZhPF1W537XOLg0/fcx6zcHCJwooC2xJA040=
github.com/opencontainers/image-spec v1.1.1/go.mod h1:qpqAh3Dmcf36wStyyWU+kCeDgrGnAve2nCC8+7h8Q0M=
github.com/pierrec/lz4/v4 v4.1.14 h1:+fL8AQEZtz/ijeNnpduH0bROTu0O3NZAlPjQxGn8LwE=
github.com/pierrec/lz4/v4 v4.1.14/go.mod h1:gZWDp/Ze/IJXGXf23ltt2EXimqmTUXEy0GFuRQyBid4=
github.com/pmezard/go-difflib v1.0.0 h1:4DBwDE0NGyQoBHbLQYPwSUPoCMWR5BEzIk/f1lZbAQM=
github.com/pmezard/go-difflib v1.0.0/go.mod h1:iKH77koFhYxTK1pcRnkKkqfTogsbg7gZNVY4sRDYZ/4=
github.com/stretchr/testify v1.6.1 h1:hDPOHmpOpP40lSULcqw7IrRb/u7w6RpDC9399XyoNd0=
github.com/stretchr/testify v1.6.1/go.mod h1:6Fq8oRcR53rry900zMqJjRRixrwX3KX962/h/Wwjteg=
github.com/u-root/uio v0.0.0-20230220225925-ffce2a382923 h1:tHNk7XK9GkmKUR6Gh8gVBKXc2MVSZ4G/NnWLtzw4gNA=
github.com/u-root/uio v0.0.0-20230220225925-ffce2a382923/go.mod h1:eLL9Nub3yfAho7qB0MzZizFhTU2QkLeoVsWdHtDW264=
github.com/vishvananda/netlink v1.3.1 h1:3AEMt62VKqz90r0tmNhog0r/PpWKmrEShJU0wJW6bV0=
github.com/vishvananda/netlink v1.3.1/go.mod h1:ARtKouGSTGchR8aMwmkzC0qiNPrrWO5JS/XMVl45+b4=
github.com/vishvananda/netns v0.0.5 h1:DfiHV+j8bA32MFM7bfEunvT8IAqQ/NzSJHtcmW5zdEY=
github.com/vishvananda/netns v0.0.5/go.mod h1:SpkAiCQRtJ6TvvxPnOSyH3BMl6unz3xZlaprSwhNNJM=
github.com/zclconf/go-cty v1.19.0 h1:IV8WdqYZc2c5rLX9bEoLNXKojBAp0MZPBHMIrCoa/s4=
github.com/zclconf/go-cty v1.19.0/go.mod h1:12W89jGn3JCOIQi7infWr9m80rOkb5RNYJqXMZcN4c8=
github.com/zclconf/go-cty-debug v0.0.0-20240509010212-0d6042c53940 h1:4r45xpDWB6ZMSMNJFMOjqrGHynW3DIBuR2H9j0ug+Mo=
github.com/zclconf/go-cty-debug v0.0.0-20240509010212-0d6042c53940/go.mod h1:CmBdvvj3nqzfzJ6nTCIwDTPZ56aVGvDrmztiO5g3qrM=
golang.org/x/crypto v0.56.0 h1:GUh5Ii4J5jtcseSMiRqr1jXCNHoxjeV9Fmekc2oLy6Y=
golang.org/x/crypto v0.56.0/go.mod h1:OMW5y6CY9l38uPLmxU6l6pwcXp1obtLo3e6gT7gQR2I=
golang.org/x/mod v0.38.0 h1:MECBjubtXD7yj4HrhIUcywNaGeNVUdfVnxmPajOk4yk=
golang.org/x/mod v0.38.0/go.mod h1:V6Xz0pq8TQ3dGqVQ1FVHuelZpAL0uNhSkk9ogYP3c40=
golang.org/x/net v0.58.0 h1:ynWG7rqYi4ccpTEuPZ2QGWHktVEM9DMCj9yzDE0Q7To=
golang.org/x/net v0.58.0/go.mod h1:YwCddHnFlT7eLQqVprV19OnhLGtc5xOKgE0RyqgfWAU=
golang.org/x/sync v0.22.0 h1:SZjpbeLmrCk4xhRSZFNZW5gFUeCeFgjekvI/+gfScek=
golang.org/x/sync v0.22.0/go.mod h1:9xrNwdLfx4jkKbNva9FpL6vEN7evnE43NNNJQ2LF3+0=
golang.org/x/sys v0.0.0-20220622161953-175b2fd9d664/go.mod h1:oPkhp1MJrh7nUepCBck5+mAzfO9JrbApNNgaTdGDITg=
golang.org/x/sys v0.2.0/go.mod h1:oPkhp1MJrh7nUepCBck5+mAzfO9JrbApNNgaTdGDITg=
golang.org/x/sys v0.10.0/go.mod h1:oPkhp1MJrh7nUepCBck5+mAzfO9JrbApNNgaTdGDITg=
golang.org/x/sys v0.47.0 h1:o7XGOvZQCADBQQ4Y7VNq2dRWQR7JmOUW8Kxx4ZsNgWs=
golang.org/x/sys v0.47.0/go.mod h1:4GL1E5IUh+htKOUEOaiffhrAeqysfVGipDYzABqnCmw=
golang.org/x/text v0.41.0 h1:vz/seA0lnX87Othu2f/0L24RcgrXD9/YFTSuGjj3rH8=
golang.org/x/text v0.41.0/go.mod h1:jvf1O8ajNzZqhSrQBPbutR/EB83Cc0CFrezNQIwbb5M=
golang.org/x/tools v0.48.0 h1:3+hClM1aLL5mjMKm5ovokw9epgRXPuu2tILgismM6RE=
golang.org/x/tools v0.48.0/go.mod h1:08xX0orndb/F7jJxGDicx061tyd5pcMto75YMAXr6lk=
gopkg.in/yaml.v3 v3.0.1 h1:fxVm/GzAzEWqLHuvctI91KS9hhNmmWOoWu0XTYJS7CA=
gopkg.in/yaml.v3 v3.0.1/go.mod h1:K4uyk7z7BCEPqu6E+C64Yfv1cQ7kz7rIZviUmN+EgEM=
