github.com/agext/levenshtein v1.2.1 h1:QmvMAjj2aEICytGiWzmxoE0x2KZvE0fvmqMOfy2tjT8=
github.com/agext/levenshtein v1.2.1/go.mod h1:JEDfjyjHDjOF/1e4FlBE/PkbqA9OfWu2ki2W0IB5558=
github.com/anchore/go-lzo v0.1.0 h1:NgAacnzqPeGH49Ky19QKLBZEuFRqtTG9cdaucc3Vncs=
github.com/anchore/go-lzo v0.1.0/go.mod h1:3kLx0bve2oN1iDwgM1U5zGku1Tfbdb0No5qp1eL1fIk=
github.com/apparentlymart/go-textseg/v13 v13.0.0 h1:Y+KvPE1NYz0xl601PVImeQfFyEy6iT90AvPUL1NNfNw=
github.com/apparentlymart/go-textseg/v13 v13.0.0/go.mod h1:ZK2fH7c4NqDTLtiYLvIkEghdlcqw7yxLeM89kiTRPUo=
github.com/apparentlymart/go-textseg/v15 v15.0.0 h1:uYvfpb3DyLSCGWnctWKGj857c6ew1u1fNQOlOtuGxQY=
github.com/apparentlymart/go-textseg/v15 v15.0.0/go.mod h1:K8XmNZdhEBkdlyDdvbmmsvpAG721bKi0joRfFdHIWJ4=
github.com/davecgh/go-spew v1.1.1 h1:vj9j/u1bqnvCEfJOwUhtlOARqs3+rkHYY13jYWTU97c=
github.com/davecgh/go-spew v1.1.1/go.mod h1:J7Y8YcW2NihsgmVo/mv3lAwl/skON4iLHjSsI+c5H38=
github.com/go-bootloaders/systemd-boot v0.0.0-20260805205643-50020af3f326 h1:kEoPN7SKcs+jWg7vlRw/vRReduwvihRKOUBGvHmyDG0=
github.com/go-bootloaders/systemd-boot v0.0.0-20260805205643-50020af3f326/go.mod h1:OacZL0fALEVlKZHoC4zGtagYAnmmq3sgLBugvQ6P6qk=
github.com/go-encryptions/ccm v0.0.0-20260620055113-74db323be0b2 h1:Gky3CPkbtx6TdLJKw/liSsljOz561HDE0gGXoABDObI=
github.com/go-encryptions/ccm v0.0.0-20260620055113-74db323be0b2/go.mod h1:0XHNptBliXAeC9Ikl/maTnmj6+VWeJ5vZElyTprdYWI=
github.com/go-encryptions/xts v0.0.0-20260702212620-e9fe59a121e5 h1:p0heeHiJ+uMORaAAWbZqmKyYmwdO+52eR3Pk+vtyGq0=
github.com/go-encryptions/xts v0.0.0-20260702212620-e9fe59a121e5/go.mod h1:fjp9R/AL03OpIra6fx0445YmgZ5LvqhXtK0FbDJPSWc=
github.com/go-encryptions/zfscrypt v0.0.0-20260623125925-033c4ad509ed h1:WaqYbb5Ia613X8QRW8J7rPqTN5M0P57tAoRKf1xpRts=
github.com/go-encryptions/zfscrypt v0.0.0-20260623125925-033c4ad509ed/go.mod h1:PzuGFDE4GvnezFgPEbaBdKFaPFsDdxIF8DpaqgdsvUQ=
github.com/go-fde/luks v0.0.0-20260806070309-cc203b30f980 h1:rduvPR5cMioNeBVvzvepiSOeq8wC2MAfzzoWWWwf5Hc=
github.com/go-fde/luks v0.0.0-20260806070309-cc203b30f980/go.mod h1:M0UoCvKw5BRW3NuMxIraIQgVvo5qdC/9NRssuf4sIVA=
github.com/go-filesystems/btrfs v0.0.0-20260806055646-9550ae87d70d h1:xsrzzSgYc37wvdSA1pOZZEqZDk0sIppWgoIiB92i9mU=
github.com/go-filesystems/btrfs v0.0.0-20260806055646-9550ae87d70d/go.mod h1:72XQNezKSsUFjmiAN6zgM1W8oIzu9eEHm0IWc7Ei1Oo=
github.com/go-filesystems/detect v0.0.0-20260622114748-623b36231685 h1:nkzNjHTzx3CUrfE3DNIIxNXdAwn+KvU28PS7KhNiBP8=
github.com/go-filesystems/detect v0.0.0-20260622114748-623b36231685/go.mod h1:OCGE1O8l2Z41PODXWkuJOin83ooqHWh439jSpOGWb/Q=
github.com/go-filesystems/detect/fat32reg v0.0.0-20260622114748-623b36231685 h1:QVsZalhjok0Hvwl8JKr7qwA7Dsb33LUb3iMs5WRhC9I=
github.com/go-filesystems/detect/fat32reg v0.0.0-20260622114748-623b36231685/go.mod h1:OwExJSTfw5Qm1/dvFFbQIZLeuE1GKQLJTHr+f/Xz+HM=
github.com/go-filesystems/ext4 v0.0.0-20260805205057-58ae0020ace0 h1:Sc9mvWp+KgmmXW53CETKoGnRe/4MA+vF/kOyPGwegC4=
github.com/go-filesystems/ext4 v0.0.0-20260805205057-58ae0020ace0/go.mod h1:Iwpw3dvpRI8bikASYJNA+qplmeUG0oVN6+mfyEzvZ7M=
github.com/go-filesystems/ext4 v0.1.0 h1:BKMID0jfzLhigq9ym7bymQxAboPmk/XkPMS9BB3aB9Q=
github.com/go-filesystems/ext4 v0.1.0/go.mod h1:Iwpw3dvpRI8bikASYJNA+qplmeUG0oVN6+mfyEzvZ7M=
github.com/go-filesystems/fat32 v0.0.0-20260622110031-1d68bab25618 h1:1q3c+HJXQAuAfNstfEYXzpKML3UB90hM5keebG8Zue4=
github.com/go-filesystems/fat32 v0.0.0-20260622110031-1d68bab25618/go.mod h1:rOT8cxm/YbwLTforZ/bd5QIiw0Ke+nZLboBH9Xa1U2g=
github.com/go-filesystems/interface v0.0.0-20260806072947-fad96472e2df h1:ZuNtKDOz4OmDlrw27/sa7KkLj0llzPzCAlUfq0Z7Cpg=
github.com/go-filesystems/interface v0.0.0-20260806072947-fad96472e2df/go.mod h1:9MDfHNNKg9cW1qBa3hmURQj4jiWIdTo9Xpgdt8ZzvV8=
github.com/go-filesystems/uefi v0.0.0-20260622110039-8bad894e467d h1:nQ+nQXFdra2r6eMuI0zxr9PvYOGXgmycTOTB5T9LWas=
github.com/go-filesystems/uefi v0.0.0-20260622110039-8bad894e467d/go.mod h1:T4WSiZsRTn8KuQixDMRZchs/BIYEBuYU7KhMLkp2r/4=
github.com/go-filesystems/xfs v0.0.0-20260805204501-d2d164d7adcc h1:DbMP9lbgx+/7V+jNdIXUdc5QKB5qjWSta0b620/1cz8=
github.com/go-filesystems/xfs v0.0.0-20260805204501-d2d164d7adcc/go.mod h1:EZxrQpldx5VV6ul2Ia5LbKczQleYPHijbHBpvQh0iBU=
github.com/go-filesystems/zfs v0.0.0-20260811211713-ecb3283cc98c h1:K0PV8qXOG93loN37yYgZW0mkilG9COCKKT6+i44ipJA=
github.com/go-filesystems/zfs v0.0.0-20260811211713-ecb3283cc98c/go.mod h1:Qi2YiNXnAfJuuJvuIzw3/90V/qjlpldcBws1hWcUT6o=
github.com/go-test/deep v1.0.3 h1:ZrJSEWsXzPOxaZnFteGEfooLba+ju3FYIbOrS+rQd68=
github.com/go-test/deep v1.0.3/go.mod h1:wGDj63lr65AM2AQyKZd/NYHGb0R+1RLqB8NKt3aSFNA=
github.com/go-tpm2/attest v0.3.0 h1:0Fv441TL02P65BZyLklu384yhNsmuXhgw5nPd9Z+bYA=
github.com/go-tpm2/attest v0.3.0/go.mod h1:jTzQY5bvejQo+suOVtMg6On1hMGQUK4xgbMAgCboTr0=
github.com/go-tpm2/common v0.1.0 h1:VVxswlksVMyCKE9Ra0k1m8l22YSmCk2je8KGiwtY9bs=
github.com/go-tpm2/common v0.1.0/go.mod h1:YAn0c2kmze7OPO4Myn9FaEk/c+EayBap0dj7rnROcHs=
github.com/go-tpm2/tpm2 v0.6.0 h1:nj2Y0lQ/E4arJE5u61sZf2hBnKLeMO+xiCIBSG341y0=
github.com/go-tpm2/tpm2 v0.6.0/go.mod h1:ovPqrMNpQ2cBxLTb7XOoOaFr40wPYutTQgQvv8ko4Gk=
github.com/go-volumes/gpt v0.0.0-20260622100756-3721db1fbd05 h1:lIMMsOk/zC2LwsC99TyDLTcAa8+KHknnP3b6zGpM9+0=
github.com/go-volumes/gpt v0.0.0-20260622100756-3721db1fbd05/go.mod h1:eBAzPkLd8zHkg3WiYGk70M4g6PYY8S5K4JP+kEMs0mw=
github.com/go-volumes/safeio v0.0.0-20260622072324-7f8eb19f6f8c h1:rOwNQiP0VPnyUcRjiVq9QTOCJkN9heon0325hZdFLaQ=
github.com/go-volumes/safeio v0.0.0-20260622072324-7f8eb19f6f8c/go.mod h1:QQdGwEUmPSdzD+OPq+ZcKso9ljssqgBXNk0/9z7moho=
github.com/google/go-cmp v0.6.0 h1:ofyhxvXcZhMsU5ulbFiLKl/XBFqE1GSq7atu8tAmTRI=
github.com/google/go-cmp v0.6.0/go.mod h1:17dUlkBOakJ0+DkrSSNjCkIjxS6bF9zb3elmeNGIjoY=
github.com/hashicorp/hcl/v2 v2.21.0 h1:lve4q/o/2rqwYOgUg3y3V2YPyD1/zkCLGjIV74Jit14=
github.com/hashicorp/hcl/v2 v2.21.0/go.mod h1:62ZYHrXgPoX8xBnzl8QzbWq4dyDsDtfCRgIq1rbJEvA=
github.com/hugelgupf/socketpair v0.0.0-20190730060125-05d35a94e714 h1:/jC7qQFrv8CrSJVmaolDVOxTfS9kc36uB6H40kdbQq8=
github.com/hugelgupf/socketpair v0.0.0-20190730060125-05d35a94e714/go.mod h1:2Goc3h8EklBH5mspfHFxBnEoURQCGzQQH1ga9Myjvis=
github.com/insomniacslk/dhcp v0.0.0-20240829085014-a3a4c1f04475 h1:hxST5pwMBEOWmxpkX20w9oZG+hXdhKmAIPQ3NGGAxas=
github.com/insomniacslk/dhcp v0.0.0-20240829085014-a3a4c1f04475/go.mod h1:KclMyHxX06VrVr0DJmeFSUb1ankt7xTfoOA35pCkoic=
github.com/josharian/native v1.0.1-0.20221213033349-c1e37c09b531/go.mod h1:7X/raswPFr05uY3HiLlYeyQntB6OO7E/d2Cu7qoaN2w=
github.com/josharian/native v1.1.0 h1:uuaP0hAbW7Y4l0ZRQ6C9zfb7Mg1mbFKry/xzDAfmtLA=
github.com/josharian/native v1.1.0/go.mod h1:7X/raswPFr05uY3HiLlYeyQntB6OO7E/d2Cu7qoaN2w=
github.com/klauspost/compress v1.18.6 h1:2jupLlAwFm95+YDR+NwD2MEfFO9d4z4Prjl1XXDjuao=
github.com/klauspost/compress v1.18.6/go.mod h1:cwPg85FWrGar70rWktvGQj8/hthj3wpl0PGDogxkrSQ=
github.com/mdlayher/packet v1.1.2 h1:3Up1NG6LZrsgDVn6X4L9Ge/iyRyxFEFD9o6Pr3Q1nQY=
github.com/mdlayher/packet v1.1.2/go.mod h1:GEu1+n9sG5VtiRE4SydOmX5GTwyyYlteZiFU+x0kew4=
github.com/mdlayher/socket v0.4.1 h1:eM9y2/jlbs1M615oshPQOHZzj6R6wMT7bX5NPiQvn2U=
github.com/mdlayher/socket v0.4.1/go.mod h1:cAqeGjoufqdxWkD7DkpyS+wcefOtmu5OQ8KuoJGIReA=
github.com/mitchellh/go-wordwrap v0.0.0-20150314170334-ad45545899c7 h1:DpOJ2HYzCv8LZP15IdmG+YdwD2luVPHITV96TkirNBM=
github.com/mitchellh/go-wordwrap v0.0.0-20150314170334-ad45545899c7/go.mod h1:ZXFpozHsX6DPmq2I0TCekCxypsnAUbP2oI0UX1GXzOo=
github.com/opencontainers/go-digest v1.0.0 h1:apOUWs51W5PlhuyGyz9FCeeBIOUDA/6nW8Oi/yOhh5U=
github.com/opencontainers/go-digest v1.0.0/go.mod h1:0JzlMkj0TRzQZfJkVvzbP0HBR3IKzErnv2BNG4W4MAM=
github.com/opencontainers/image-spec v1.1.0 h1:8SG7/vwALn54lVB/0yZ/MMwhFrPYtpEHQb2IpWsCzug=
github.com/opencontainers/image-spec v1.1.0/go.mod h1:W4s4sFTMaBeK1BQLXbG4AdM2szdn85PY75RI83NrTrM=
github.com/pierrec/lz4/v4 v4.1.14 h1:+fL8AQEZtz/ijeNnpduH0bROTu0O3NZAlPjQxGn8LwE=
github.com/pierrec/lz4/v4 v4.1.14/go.mod h1:gZWDp/Ze/IJXGXf23ltt2EXimqmTUXEy0GFuRQyBid4=
github.com/pmezard/go-difflib v1.0.0 h1:4DBwDE0NGyQoBHbLQYPwSUPoCMWR5BEzIk/f1lZbAQM=
github.com/pmezard/go-difflib v1.0.0/go.mod h1:iKH77koFhYxTK1pcRnkKkqfTogsbg7gZNVY4sRDYZ/4=
github.com/stretchr/testify v1.7.0 h1:nwc3DEeHmmLAfoZucVR881uASk0Mfjw8xYJ99tb5CcY=
github.com/stretchr/testify v1.7.0/go.mod h1:6Fq8oRcR53rry900zMqJjRRixrwX3KX962/h/Wwjteg=
github.com/u-root/uio v0.0.0-20230220225925-ffce2a382923 h1:tHNk7XK9GkmKUR6Gh8gVBKXc2MVSZ4G/NnWLtzw4gNA=
github.com/u-root/uio v0.0.0-20230220225925-ffce2a382923/go.mod h1:eLL9Nub3yfAho7qB0MzZizFhTU2QkLeoVsWdHtDW264=
github.com/vishvananda/netlink v1.3.0 h1:X7l42GfcV4S6E4vHTsw48qbrV+9PVojNfIhZcwQdrZk=
github.com/vishvananda/netlink v1.3.0/go.mod h1:i6NetklAujEcC6fK0JPjT8qSwWyO0HLn4UKG+hGqeJs=
github.com/vishvananda/netns v0.0.4 h1:Oeaw1EM2JMxD51g9uhtC0D7erkIjgmj8+JZc26m1YX8=
github.com/vishvananda/netns v0.0.4/go.mod h1:SpkAiCQRtJ6TvvxPnOSyH3BMl6unz3xZlaprSwhNNJM=
github.com/zclconf/go-cty v1.13.0 h1:It5dfKTTZHe9aeppbNOda3mN7Ag7sg6QkBNm6TkyFa0=
github.com/zclconf/go-cty v1.13.0/go.mod h1:YKQzy/7pZ7iq2jNFzy5go57xdxdWoLLpaEp4u238AE0=
github.com/zclconf/go-cty-debug v0.0.0-20240509010212-0d6042c53940 h1:4r45xpDWB6ZMSMNJFMOjqrGHynW3DIBuR2H9j0ug+Mo=
github.com/zclconf/go-cty-debug v0.0.0-20240509010212-0d6042c53940/go.mod h1:CmBdvvj3nqzfzJ6nTCIwDTPZ56aVGvDrmztiO5g3qrM=
golang.org/x/crypto v0.50.0 h1:zO47/JPrL6vsNkINmLoo/PH1gcxpls50DNogFvB5ZGI=
golang.org/x/crypto v0.50.0/go.mod h1:3muZ7vA7PBCE6xgPX7nkzzjiUq87kRItoJQM1Yo8S+Q=
golang.org/x/mod v0.34.0 h1:xIHgNUUnW6sYkcM5Jleh05DvLOtwc6RitGHbDk4akRI=
golang.org/x/mod v0.34.0/go.mod h1:ykgH52iCZe79kzLLMhyCUzhMci+nQj+0XkbXpNYtVjY=
golang.org/x/net v0.52.0 h1:He/TN1l0e4mmR3QqHMT2Xab3Aj3L9qjbhRm78/6jrW0=
golang.org/x/net v0.52.0/go.mod h1:R1MAz7uMZxVMualyPXb+VaqGSa3LIaUqk0eEt3w36Sw=
golang.org/x/sync v0.20.0 h1:e0PTpb7pjO8GAtTs2dQ6jYa5BWYlMuX047Dco/pItO4=
golang.org/x/sync v0.20.0/go.mod h1:9xrNwdLfx4jkKbNva9FpL6vEN7evnE43NNNJQ2LF3+0=
golang.org/x/sys v0.0.0-20220622161953-175b2fd9d664/go.mod h1:oPkhp1MJrh7nUepCBck5+mAzfO9JrbApNNgaTdGDITg=
golang.org/x/sys v0.2.0/go.mod h1:oPkhp1MJrh7nUepCBck5+mAzfO9JrbApNNgaTdGDITg=
golang.org/x/sys v0.10.0/go.mod h1:oPkhp1MJrh7nUepCBck5+mAzfO9JrbApNNgaTdGDITg=
golang.org/x/sys v0.44.0 h1:ildZl3J4uzeKP07r2F++Op7E9B29JRUy+a27EibtBTQ=
golang.org/x/sys v0.44.0/go.mod h1:4GL1E5IUh+htKOUEOaiffhrAeqysfVGipDYzABqnCmw=
golang.org/x/text v0.36.0 h1:JfKh3XmcRPqZPKevfXVpI1wXPTqbkE5f7JA92a55Yxg=
golang.org/x/text v0.36.0/go.mod h1:NIdBknypM8iqVmPiuco0Dh6P5Jcdk8lJL0CUebqK164=
golang.org/x/tools v0.43.0 h1:12BdW9CeB3Z+J/I/wj34VMl8X+fEXBxVR90JeMX5E7s=
golang.org/x/tools v0.43.0/go.mod h1:uHkMso649BX2cZK6+RpuIPXS3ho2hZo4FVwfoy1vIk0=
gopkg.in/yaml.v3 v3.0.0 h1:hjy8E9ON/egN1tAYqKb61G10WtihqetD4sz2H+8nIeA=
gopkg.in/yaml.v3 v3.0.0/go.mod h1:K4uyk7z7BCEPqu6E+C64Yfv1cQ7kz7rIZviUmN+EgEM=
